lockfileVersion: '6.0'

settings:
  autoInstallPeers: true
  excludeLinksFromLockfile: false

dependencies:
  '@trpc/client':
    specifier: ^10.45.2
    version: 10.45.2(@trpc/server@11.0.0-next.325)
  '@trpc/server':
    specifier: 11.0.0-next.325
    version: 11.0.0-next.325
  zod:
    specifier: ^3.22.4
    version: 3.22.4

devDependencies:
  '@types/node':
    specifier: ^20.11.30
    version: 20.11.30
  typescript:
    specifier: ^5.4.3
    version: 5.4.3

packages:

  /@trpc/client@10.45.2(@trpc/server@11.0.0-next.325):
    resolution: {integrity: sha512-ykALM5kYWTLn1zYuUOZ2cPWlVfrXhc18HzBDyRhoPYN0jey4iQHEFSEowfnhg1RvYnrAVjNBgHNeSAXjrDbGwg==}
    peerDependencies:
      '@trpc/server': 10.45.2
    dependencies:
      '@trpc/server': 11.0.0-next.325
    dev: false

  /@trpc/server@11.0.0-next.325:
    resolution: {integrity: sha512-pF634oxvysOOKpSFqafhpAPQvt1hhUOCr66ht1eU0buIsB8pnSfHoBBIneEbHy2r+P9ak5ZXD2hYQEVDiq9vrQ==}
    dev: false

  /@types/node@20.11.30:
    resolution: {integrity: sha512-dHM6ZxwlmuZaRmUPfv1p+KrdD1Dci04FbdEm/9wEMouFqxYoFl5aMkt0VMAUtYRQDyYvD41WJLukhq/ha3YuTw==}
    dependencies:
      undici-types: 5.26.5
    dev: true

  /typescript@5.4.3:
    resolution: {integrity: sha512-KrPd3PKaCLr78MalgiwJnA25Nm8HAmdwN3mYUYZgG/wizIo9EainNVQI9/yDavtVFRN2h3k8uf3GLHuhDMgEHg==}
    engines: {node: '>=14.17'}
    hasBin: true
    dev: true

  /undici-types@5.26.5:
    resolution: {integrity: sha512-JlCMO+ehdEIKqlFxk6IfVoAUVmgz7cU7zD/h9XZ0qzeosSHmUJVOzSQvvYSYWXkFXC+IfLKSIffhv0sVZup6pA==}
    dev: true

  /zod@3.22.4:
    resolution: {integrity: sha512-iC+8Io04lddc+mVqQ9AZ7OQ2MrUKGN+oIQyq1vemgt46jwCwLfhq7/pwnBnNXXXZb8VTVLKwp9EDkx+ryxIWmg==}
    dev: false
